
Microsoft Visual Studio Solution File, Format Version 12.00
# Visual Studio Version 17
VisualStudioVersion = 17.1.32228.430
MinimumVisualStudioVersion = 10.0.40219.1
Project("{FAE04EC0-301F-11D3-BF4B-00C04F79EFBC}") = "AppForWorkingWithXML", "AppForWorkingWithXML\AppForWorkingWithXML.csproj", "{A7AE9811-8E63-4049-A900-45A935587741}"
EndProject
Global
	GlobalSection(SolutionConfigurationPlatforms) = preSolution
		Debug|Any CPU = Debug|Any CPU
		Release|Any CPU = Release|Any CPU
	EndGlobalSection
	GlobalSection(ProjectConfigurationPlatforms) = postSolution
		{A7AE9811-8E63-4049-A900-45A935587741}.Debug|Any CPU.ActiveCfg = Debug|Any CPU
		{A7AE9811-8E63-4049-A900-45A935587741}.Debug|Any CPU.Build.0 = Debug|Any CPU
		{A7AE9811-8E63-4049-A900-45A935587741}.Release|Any CPU.ActiveCfg = Release|Any CPU
		{A7AE9811-8E63-4049-A900-45A935587741}.Release|Any CPU.Build.0 = Release|Any CPU
	EndGlobalSection
	GlobalSection(SolutionProperties) = preSolution
		HideSolutionNode = FALSE
	EndGlobalSection
	GlobalSection(ExtensibilityGlobals) = postSolution
		SolutionGuid = {6559C22F-C5C8-4524-95B5-5FF89E58D2EB}
	EndGlobalSection
EndGlobal
